
Microsoft Visual Studio Solution File, Format Version 12.00
# Visual Studio Version 16
VisualStudioVersion = 16.0.31129.286
MinimumVisualStudioVersion = 10.0.40219.1
Project("{FAE04EC0-301F-11D3-BF4B-00C04F79EFBC}") = "CalculatorLib", "Calculator\CalculatorLib.csproj", "{59673129-DF0F-413C-B0DC-F43B2B22B007}"
EndProject
Project("{FAE04EC0-301F-11D3-BF4B-00C04F79EFBC}") = "CalculatorTests", "CalculatorTests\CalculatorTests.csproj", "{78C0FE9F-715E-49D8-A239-680E0B2D90B3}"
EndProject
Global
	GlobalSection(SolutionConfigurationPlatforms) = preSolution
		Debug|Any CPU = Debug|Any CPU
		Release|Any CPU = Release|Any CPU
	EndGlobalSection
	GlobalSection(ProjectConfigurationPlatforms) = postSolution
		{59673129-DF0F-413C-B0DC-F43B2B22B007}.Debug|Any CPU.ActiveCfg = Debug|Any CPU
		{59673129-DF0F-413C-B0DC-F43B2B22B007}.Debug|Any CPU.Build.0 = Debug|Any CPU
		{59673129-DF0F-413C-B0DC-F43B2B22B007}.Release|Any CPU.ActiveCfg = Release|Any CPU
		{59673129-DF0F-413C-B0DC-F43B2B22B007}.Release|Any CPU.Build.0 = Release|Any CPU
		{78C0FE9F-715E-49D8-A239-680E0B2D90B3}.Debug|Any CPU.ActiveCfg = Debug|Any CPU
		{78C0FE9F-715E-49D8-A239-680E0B2D90B3}.Debug|Any CPU.Build.0 = Debug|Any CPU
		{78C0FE9F-715E-49D8-A239-680E0B2D90B3}.Release|Any CPU.ActiveCfg = Release|Any CPU
		{78C0FE9F-715E-49D8-A239-680E0B2D90B3}.Release|Any CPU.Build.0 = Release|Any CPU
	EndGlobalSection
	GlobalSection(SolutionProperties) = preSolution
		HideSolutionNode = FALSE
	EndGlobalSection
	GlobalSection(ExtensibilityGlobals) = postSolution
		SolutionGuid = {F75AE864-B024-4426-8522-FEB0153F41D4}
	EndGlobalSection
EndGlobal
